
Microsoft Visual Studio Solution File, Format Version 12.00
# Visual Studio Version 17
VisualStudioVersion = 17.5.33424.131
MinimumVisualStudioVersion = 10.0.40219.1
Project("{FAE04EC0-301F-11D3-BF4B-00C04F79EFBC}") = "ConsoleApp1", "ConsoleApp1\ConsoleApp1.csproj", "{96995FB6-F35C-48A4-940D-B8A3C00706E4}"
EndProject
Global
	GlobalSection(SolutionConfigurationPlatforms) = preSolution
		Debug|Any CPU = Debug|Any CPU
		Release|Any CPU = Release|Any CPU
	EndGlobalSection
	GlobalSection(ProjectConfigurationPlatforms) = postSolution
		{96995FB6-F35C-48A4-940D-B8A3C00706E4}.Debug|Any CPU.ActiveCfg = Debug|Any CPU
		{96995FB6-F35C-48A4-940D-B8A3C00706E4}.Debug|Any CPU.Build.0 = Debug|Any CPU
		{96995FB6-F35C-48A4-940D-B8A3C00706E4}.Release|Any CPU.ActiveCfg = Release|Any CPU
		{96995FB6-F35C-48A4-940D-B8A3C00706E4}.Release|Any CPU.Build.0 = Release|Any CPU
	EndGlobalSection
	GlobalSection(SolutionProperties) = preSolution
		HideSolutionNode = FALSE
	EndGlobalSection
	GlobalSection(ExtensibilityGlobals) = postSolution
		SolutionGuid = {310B04F2-8E52-49AB-B6C0-597B279E7760}
	EndGlobalSection
EndGlobal
